
Microsoft Visual Studio Solution File, Format Version 12.00
Project("{2150E333-8FDC-42A3-9474-1A3956D46DE8}") = "src", "src", "{9469851F-7585-4A76-92CF-DC8186042AAF}"
EndProject
Project("{2150E333-8FDC-42A3-9474-1A3956D46DE8}") = "Core", "Core", "{235D4C5C-38CC-4356-962B-E60742C19D84}"
EndProject
Project("{FAE04EC0-301F-11D3-BF4B-00C04F79EFBC}") = "BidCalculator.Domain", "BidCalculator.Domain\BidCalculator.Domain.csproj", "{9490DC48-ACF0-45AD-8C13-093A9491D1BF}"
EndProject
Project("{FAE04EC0-301F-11D3-BF4B-00C04F79EFBC}") = "BidCalculator.Application", "BidCalculator.Application\BidCalculator.Application.csproj", "{44EFDB3B-3989-41BA-BD46-63E3319FE330}"
EndProject
Project("{2150E333-8FDC-42A3-9474-1A3956D46DE8}") = "Presentation", "Presentation", "{ECF7D835-D1E8-4BBB-B171-C46E6F54E5B3}"
EndProject
Project("{FAE04EC0-301F-11D3-BF4B-00C04F79EFBC}") = "BidCalculator.Contracts", "BidCalculator.Contracts\BidCalculator.Contracts.csproj", "{8F888541-C1B8-4FE2-9B66-9CA6EDCB7396}"
EndProject
Project("{FAE04EC0-301F-11D3-BF4B-00C04F79EFBC}") = "BidCalculator.Api", "BidCalculator.Api\BidCalculator.Api.csproj", "{AB9B7553-5E0E-46A7-84FF-689CC1F2DBE9}"
EndProject
Project("{2150E333-8FDC-42A3-9474-1A3956D46DE8}") = "Tests", "Tests", "{5E7B726C-3B15-4D08-A6F7-DB46A2DB4C24}"
EndProject
Project("{FAE04EC0-301F-11D3-BF4B-00C04F79EFBC}") = "BidCalculator.Domain.UnitTest", "BidCalculator.Domain.UnitTest\BidCalculator.Domain.UnitTest.csproj", "{22C6D95D-810A-4B40-99C9-40A87A2C7549}"
EndProject
Project("{FAE04EC0-301F-11D3-BF4B-00C04F79EFBC}") = "TestCommon", "TestCommon\TestCommon.csproj", "{BA8C295F-D9BC-43C7-9DBF-27223544C56D}"
EndProject
Project("{FAE04EC0-301F-11D3-BF4B-00C04F79EFBC}") = "BidCalculator.Application.UnitTest", "BidCalculator.Application.UnitTest\BidCalculator.Application.UnitTest.csproj", "{1CDEE0E6-1B81-46C9-A652-40A9457D2346}"
EndProject
Project("{FAE04EC0-301F-11D3-BF4B-00C04F79EFBC}") = "BidCalculator.Application.SubcutaneousTests", "BidCalculator.Application.SubcutaneousTests\BidCalculator.Application.SubcutaneousTests.csproj", "{21D38899-24AA-4F90-A2DA-6FCF33892CE8}"
EndProject
Global
	GlobalSection(SolutionConfigurationPlatforms) = preSolution
		Debug|Any CPU = Debug|Any CPU
		Release|Any CPU = Release|Any CPU
	EndGlobalSection
	GlobalSection(NestedProjects) = preSolution
		{235D4C5C-38CC-4356-962B-E60742C19D84} = {9469851F-7585-4A76-92CF-DC8186042AAF}
		{9490DC48-ACF0-45AD-8C13-093A9491D1BF} = {235D4C5C-38CC-4356-962B-E60742C19D84}
		{44EFDB3B-3989-41BA-BD46-63E3319FE330} = {235D4C5C-38CC-4356-962B-E60742C19D84}
		{ECF7D835-D1E8-4BBB-B171-C46E6F54E5B3} = {9469851F-7585-4A76-92CF-DC8186042AAF}
		{8F888541-C1B8-4FE2-9B66-9CA6EDCB7396} = {ECF7D835-D1E8-4BBB-B171-C46E6F54E5B3}
		{AB9B7553-5E0E-46A7-84FF-689CC1F2DBE9} = {ECF7D835-D1E8-4BBB-B171-C46E6F54E5B3}
		{22C6D95D-810A-4B40-99C9-40A87A2C7549} = {5E7B726C-3B15-4D08-A6F7-DB46A2DB4C24}
		{BA8C295F-D9BC-43C7-9DBF-27223544C56D} = {5E7B726C-3B15-4D08-A6F7-DB46A2DB4C24}
		{1CDEE0E6-1B81-46C9-A652-40A9457D2346} = {5E7B726C-3B15-4D08-A6F7-DB46A2DB4C24}
		{21D38899-24AA-4F90-A2DA-6FCF33892CE8} = {5E7B726C-3B15-4D08-A6F7-DB46A2DB4C24}
	EndGlobalSection
	GlobalSection(ProjectConfigurationPlatforms) = postSolution
		{9490DC48-ACF0-45AD-8C13-093A9491D1BF}.Debug|Any CPU.ActiveCfg = Debug|Any CPU
		{9490DC48-ACF0-45AD-8C13-093A9491D1BF}.Debug|Any CPU.Build.0 = Debug|Any CPU
		{9490DC48-ACF0-45AD-8C13-093A9491D1BF}.Release|Any CPU.ActiveCfg = Release|Any CPU
		{9490DC48-ACF0-45AD-8C13-093A9491D1BF}.Release|Any CPU.Build.0 = Release|Any CPU
		{44EFDB3B-3989-41BA-BD46-63E3319FE330}.Debug|Any CPU.ActiveCfg = Debug|Any CPU
		{44EFDB3B-3989-41BA-BD46-63E3319FE330}.Debug|Any CPU.Build.0 = Debug|Any CPU
		{44EFDB3B-3989-41BA-BD46-63E3319FE330}.Release|Any CPU.ActiveCfg = Release|Any CPU
		{44EFDB3B-3989-41BA-BD46-63E3319FE330}.Release|Any CPU.Build.0 = Release|Any CPU
		{8F888541-C1B8-4FE2-9B66-9CA6EDCB7396}.Debug|Any CPU.ActiveCfg = Debug|Any CPU
		{8F888541-C1B8-4FE2-9B66-9CA6EDCB7396}.Debug|Any CPU.Build.0 = Debug|Any CPU
		{8F888541-C1B8-4FE2-9B66-9CA6EDCB7396}.Release|Any CPU.ActiveCfg = Release|Any CPU
		{8F888541-C1B8-4FE2-9B66-9CA6EDCB7396}.Release|Any CPU.Build.0 = Release|Any CPU
		{AB9B7553-5E0E-46A7-84FF-689CC1F2DBE9}.Debug|Any CPU.ActiveCfg = Debug|Any CPU
		{AB9B7553-5E0E-46A7-84FF-689CC1F2DBE9}.Debug|Any CPU.Build.0 = Debug|Any CPU
		{AB9B7553-5E0E-46A7-84FF-689CC1F2DBE9}.Release|Any CPU.ActiveCfg = Release|Any CPU
		{AB9B7553-5E0E-46A7-84FF-689CC1F2DBE9}.Release|Any CPU.Build.0 = Release|Any CPU
		{22C6D95D-810A-4B40-99C9-40A87A2C7549}.Debug|Any CPU.ActiveCfg = Debug|Any CPU
		{22C6D95D-810A-4B40-99C9-40A87A2C7549}.Debug|Any CPU.Build.0 = Debug|Any CPU
		{22C6D95D-810A-4B40-99C9-40A87A2C7549}.Release|Any CPU.ActiveCfg = Release|Any CPU
		{22C6D95D-810A-4B40-99C9-40A87A2C7549}.Release|Any CPU.Build.0 = Release|Any CPU
		{BA8C295F-D9BC-43C7-9DBF-27223544C56D}.Debug|Any CPU.ActiveCfg = Debug|Any CPU
		{BA8C295F-D9BC-43C7-9DBF-27223544C56D}.Debug|Any CPU.Build.0 = Debug|Any CPU
		{BA8C295F-D9BC-43C7-9DBF-27223544C56D}.Release|Any CPU.ActiveCfg = Release|Any CPU
		{BA8C295F-D9BC-43C7-9DBF-27223544C56D}.Release|Any CPU.Build.0 = Release|Any CPU
		{1CDEE0E6-1B81-46C9-A652-40A9457D2346}.Debug|Any CPU.ActiveCfg = Debug|Any CPU
		{1CDEE0E6-1B81-46C9-A652-40A9457D2346}.Debug|Any CPU.Build.0 = Debug|Any CPU
		{1CDEE0E6-1B81-46C9-A652-40A9457D2346}.Release|Any CPU.ActiveCfg = Release|Any CPU
		{1CDEE0E6-1B81-46C9-A652-40A9457D2346}.Release|Any CPU.Build.0 = Release|Any CPU
		{21D38899-24AA-4F90-A2DA-6FCF33892CE8}.Debug|Any CPU.ActiveCfg = Debug|Any CPU
		{21D38899-24AA-4F90-A2DA-6FCF33892CE8}.Debug|Any CPU.Build.0 = Debug|Any CPU
		{21D38899-24AA-4F90-A2DA-6FCF33892CE8}.Release|Any CPU.ActiveCfg = Release|Any CPU
		{21D38899-24AA-4F90-A2DA-6FCF33892CE8}.Release|Any CPU.Build.0 = Release|Any CPU
	EndGlobalSection
EndGlobal
